// !$*UTF8*$!
{
	archiveVersion = 1;
	classes = {
	};
	objectVersion = 56;
	objects = {

/* Begin PBXBuildFile section */
		2916A34C2BA06C4300758747 /* ClothesAPI.swift in Sources */ = {isa = PBXBuildFile; fileRef = 2916A34B2BA06C4300758747 /* ClothesAPI.swift */; };
		2916A34E2BA06DB700758747 /* ClothRequestDTO.swift in Sources */ = {isa = PBXBuildFile; fileRef = 2916A34D2BA06DB700758747 /* ClothRequestDTO.swift */; };
		2916A3502BA0859000758747 /* ClothListManager.swift in Sources */ = {isa = PBXBuildFile; fileRef = 2916A34F2BA0859000758747 /* ClothListManager.swift */; };
		2916A3522BA085EA00758747 /* ServerStatus.swift in Sources */ = {isa = PBXBuildFile; fileRef = 2916A3512BA085EA00758747 /* ServerStatus.swift */; };
		2916A3542BA0926C00758747 /* TokenModel.swift in Sources */ = {isa = PBXBuildFile; fileRef = 2916A3532BA0926C00758747 /* TokenModel.swift */; };
		2916A3562BA0928400758747 /* TokenManager.swift in Sources */ = {isa = PBXBuildFile; fileRef = 2916A3552BA0928400758747 /* TokenManager.swift */; };
		2916A3582BA092A400758747 /* TokenAPI.swift in Sources */ = {isa = PBXBuildFile; fileRef = 2916A3572BA092A400758747 /* TokenAPI.swift */; };
		2916A35A2BA092D100758747 /* UserRequestDTO.swift in Sources */ = {isa = PBXBuildFile; fileRef = 2916A3592BA092D100758747 /* UserRequestDTO.swift */; };
		291E6DB62BBFBF6D002BAAAC /* LocationModel.swift in Sources */ = {isa = PBXBuildFile; fileRef = 291E6DB52BBFBF6D002BAAAC /* LocationModel.swift */; };
		291E6DB82BBFC022002BAAAC /* LocationManager.swift in Sources */ = {isa = PBXBuildFile; fileRef = 291E6DB72BBFC022002BAAAC /* LocationManager.swift */; };
		2926A8752B9744B600C4BCA4 /* ClothListModel.swift in Sources */ = {isa = PBXBuildFile; fileRef = 2926A8742B9744B600C4BCA4 /* ClothListModel.swift */; };
		292BE6B42B4D26BA00BF3EE9 /* JoinPickerView.swift in Sources */ = {isa = PBXBuildFile; fileRef = 292BE6B32B4D26BA00BF3EE9 /* JoinPickerView.swift */; };
		29308B7B2BB6C0A600342955 /* S3Configuration.swift in Sources */ = {isa = PBXBuildFile; fileRef = 29308B7A2BB6C0A600342955 /* S3Configuration.swift */; };
		2950A1D92BDD01B00046EF0E /* WeatherItemType.swift in Sources */ = {isa = PBXBuildFile; fileRef = 2950A1D82BDD01B00046EF0E /* WeatherItemType.swift */; };
		29578EF52BDBC1F400A321FD /* UIScrollView.swift in Sources */ = {isa = PBXBuildFile; fileRef = 29578EF42BDBC1F400A321FD /* UIScrollView.swift */; };
		29589FCA2B457839003578A3 /* ImageResultViewController.swift in Sources */ = {isa = PBXBuildFile; fileRef = 29589FC92B457839003578A3 /* ImageResultViewController.swift */; };
		295FAD382B5796A3003BC20B /* ClothListViewController.swift in Sources */ = {isa = PBXBuildFile; fileRef = 295FAD372B5796A3003BC20B /* ClothListViewController.swift */; };
		295FAD3A2B57985B003BC20B /* ListCoordinator.swift in Sources */ = {isa = PBXBuildFile; fileRef = 295FAD392B57985B003BC20B /* ListCoordinator.swift */; };
		295FAD3C2B5798FA003BC20B /* ListCollectionViewCell.swift in Sources */ = {isa = PBXBuildFile; fileRef = 295FAD3B2B5798FA003BC20B /* ListCollectionViewCell.swift */; };
		295FF85D2B53DC32006DDD50 /* AppCoordinator.swift in Sources */ = {isa = PBXBuildFile; fileRef = 295FF85C2B53DC32006DDD50 /* AppCoordinator.swift */; };
		295FF85F2B53DD34006DDD50 /* AuthCoordinator.swift in Sources */ = {isa = PBXBuildFile; fileRef = 295FF85E2B53DD34006DDD50 /* AuthCoordinator.swift */; };
		295FF8612B53DD67006DDD50 /* TabBarCoordinator.swift in Sources */ = {isa = PBXBuildFile; fileRef = 295FF8602B53DD67006DDD50 /* TabBarCoordinator.swift */; };
		295FF8632B53DD88006DDD50 /* MainCoordinator.swift in Sources */ = {isa = PBXBuildFile; fileRef = 295FF8622B53DD88006DDD50 /* MainCoordinator.swift */; };
		295FF8652B53DDA2006DDD50 /* SettingCoordinator.swift in Sources */ = {isa = PBXBuildFile; fileRef = 295FF8642B53DDA2006DDD50 /* SettingCoordinator.swift */; };
		296353E42B8DECDE00AB8A2B /* PersonalClosetButton.swift in Sources */ = {isa = PBXBuildFile; fileRef = 296353E32B8DECDE00AB8A2B /* PersonalClosetButton.swift */; };
		296492062BB5198D00FD990C /* ModifyRequestDTO.swift in Sources */ = {isa = PBXBuildFile; fileRef = 296492052BB5198D00FD990C /* ModifyRequestDTO.swift */; };
		297F6CD82B5F9EE4009A1652 /* S3Upload.swift in Sources */ = {isa = PBXBuildFile; fileRef = 297F6CD72B5F9EE4009A1652 /* S3Upload.swift */; };
		2982023A2B43C2F100B7DEB3 /* TopView.swift in Sources */ = {isa = PBXBuildFile; fileRef = 298202392B43C2F100B7DEB3 /* TopView.swift */; };
		2982023C2B43C72600B7DEB3 /* BaseViewController.swift in Sources */ = {isa = PBXBuildFile; fileRef = 2982023B2B43C72600B7DEB3 /* BaseViewController.swift */; };
		298202632B43F1AB00B7DEB3 /* SettingTableViewCell.swift in Sources */ = {isa = PBXBuildFile; fileRef = 298202622B43F1AB00B7DEB3 /* SettingTableViewCell.swift */; };
		298202652B43F21000B7DEB3 /* Extension.swift in Sources */ = {isa = PBXBuildFile; fileRef = 298202642B43F21000B7DEB3 /* Extension.swift */; };
		298202672B44269300B7DEB3 /* ImageInputButton.swift in Sources */ = {isa = PBXBuildFile; fileRef = 298202662B44269300B7DEB3 /* ImageInputButton.swift */; };
		298202692B4452D800B7DEB3 /* LoginViewController.swift in Sources */ = {isa = PBXBuildFile; fileRef = 298202682B4452D800B7DEB3 /* LoginViewController.swift */; };
		2982026B2B4452DF00B7DEB3 /* JoinViewController.swift in Sources */ = {isa = PBXBuildFile; fileRef = 2982026A2B4452DF00B7DEB3 /* JoinViewController.swift */; };
		299CCE5B2B4679EA0054505E /* KeyboardHide+.swift in Sources */ = {isa = PBXBuildFile; fileRef = 299CCE5A2B4679EA0054505E /* KeyboardHide+.swift */; };
		299FA59C2BB2F0BE00F73259 /* TabBarItemType.swift in Sources */ = {isa = PBXBuildFile; fileRef = 299FA59B2BB2F0BE00F73259 /* TabBarItemType.swift */; };
		29A9C0962B3FE62900209641 /* AppDelegate.swift in Sources */ = {isa = PBXBuildFile; fileRef = 29A9C0952B3FE62900209641 /* AppDelegate.swift */; };
		29A9C0982B3FE62900209641 /* SceneDelegate.swift in Sources */ = {isa = PBXBuildFile; fileRef = 29A9C0972B3FE62900209641 /* SceneDelegate.swift */; };
		29A9C09F2B3FE62A00209641 /* Assets.xcassets in Resources */ = {isa = PBXBuildFile; fileRef = 29A9C09E2B3FE62A00209641 /* Assets.xcassets */; };
		29A9C0A22B3FE62A00209641 /* LaunchScreen.storyboard in Resources */ = {isa = PBXBuildFile; fileRef = 29A9C0A02B3FE62A00209641 /* LaunchScreen.storyboard */; };
		29A9C0AD2B3FE73C00209641 /* SnapKit in Frameworks */ = {isa = PBXBuildFile; productRef = 29A9C0AC2B3FE73C00209641 /* SnapKit */; };
		29A9C0AF2B3FE7A700209641 /* UIColor+.swift in Sources */ = {isa = PBXBuildFile; fileRef = 29A9C0AE2B3FE7A700209641 /* UIColor+.swift */; };
		29A9C0B12B3FE92D00209641 /* MainViewController.swift in Sources */ = {isa = PBXBuildFile; fileRef = 29A9C0B02B3FE92D00209641 /* MainViewController.swift */; };
		29A9C0B32B3FE93C00209641 /* SettingViewController.swift in Sources */ = {isa = PBXBuildFile; fileRef = 29A9C0B22B3FE93C00209641 /* SettingViewController.swift */; };
		29A9C0B52B3FE96600209641 /* RegisterImageViewController.swift in Sources */ = {isa = PBXBuildFile; fileRef = 29A9C0B42B3FE96600209641 /* RegisterImageViewController.swift */; };
		29C70C0D2BC6597D00286BE6 /* WeatherAPI.swift in Sources */ = {isa = PBXBuildFile; fileRef = 29C70C0C2BC6597D00286BE6 /* WeatherAPI.swift */; };
		29C70C0F2BC65E7400286BE6 /* WeatherModel.swift in Sources */ = {isa = PBXBuildFile; fileRef = 29C70C0E2BC65E7400286BE6 /* WeatherModel.swift */; };
		29C70C112BC65EB700286BE6 /* WeatherManager.swift in Sources */ = {isa = PBXBuildFile; fileRef = 29C70C102BC65EB700286BE6 /* WeatherManager.swift */; };
		29C70C132BC6615E00286BE6 /* FitnessTestRequestDTO.swift in Sources */ = {isa = PBXBuildFile; fileRef = 29C70C122BC6615E00286BE6 /* FitnessTestRequestDTO.swift */; };
		29C70C152BC661AF00286BE6 /* FitnessTestAPI.swift in Sources */ = {isa = PBXBuildFile; fileRef = 29C70C142BC661AF00286BE6 /* FitnessTestAPI.swift */; };
		29DA5F612B4542A500F45CC6 /* InputView.swift in Sources */ = {isa = PBXBuildFile; fileRef = 29DA5F602B4542A500F45CC6 /* InputView.swift */; };
		29DA5F632B45600600F45CC6 /* JoinInputView.swift in Sources */ = {isa = PBXBuildFile; fileRef = 29DA5F622B45600600F45CC6 /* JoinInputView.swift */; };
		29DBBA602B90B86D00A36C27 /* ListContentView.swift in Sources */ = {isa = PBXBuildFile; fileRef = 29DBBA5F2B90B86D00A36C27 /* ListContentView.swift */; };
		29DBBA622B90B88000A36C27 /* ListContentConfiguration.swift in Sources */ = {isa = PBXBuildFile; fileRef = 29DBBA612B90B88000A36C27 /* ListContentConfiguration.swift */; };
		29FF68372BB1143800509A00 /* AWSAPIGateway in Frameworks */ = {isa = PBXBuildFile; productRef = 29FF68362BB1143800509A00 /* AWSAPIGateway */; };
		29FF68392BB1143800509A00 /* AWSAuthCore in Frameworks */ = {isa = PBXBuildFile; productRef = 29FF68382BB1143800509A00 /* AWSAuthCore */; };
		29FF683B2BB1143800509A00 /* AWSCognitoIdentityProvider in Frameworks */ = {isa = PBXBuildFile; productRef = 29FF683A2BB1143800509A00 /* AWSCognitoIdentityProvider */; };
		29FF683D2BB1143800509A00 /* AWSCognitoIdentityProviderASF in Frameworks */ = {isa = PBXBuildFile; productRef = 29FF683C2BB1143800509A00 /* AWSCognitoIdentityProviderASF */; };
		29FF683F2BB1143800509A00 /* AWSCore in Frameworks */ = {isa = PBXBuildFile; productRef = 29FF683E2BB1143800509A00 /* AWSCore */; };
		29FF68412BB1143800509A00 /* AWSS3 in Frameworks */ = {isa = PBXBuildFile; productRef = 29FF68402BB1143800509A00 /* AWSS3 */; };
		29FF68432BB1143800509A00 /* AWSUserPoolsSignIn in Frameworks */ = {isa = PBXBuildFile; productRef = 29FF68422BB1143800509A00 /* AWSUserPoolsSignIn */; };
/* End PBXBuildFile section */

/* Begin PBXFileReference section */
		2916A34B2BA06C4300758747 /* ClothesAPI.swift */ = {isa = PBXFileReference; lastKnownFileType = sourcecode.swift; path = ClothesAPI.swift; sourceTree = "<group>"; };
		2916A34D2BA06DB700758747 /* ClothRequestDTO.swift */ = {isa = PBXFileReference; lastKnownFileType = sourcecode.swift; path = ClothRequestDTO.swift; sourceTree = "<group>"; };
		2916A34F2BA0859000758747 /* ClothListManager.swift */ = {isa = PBXFileReference; lastKnownFileType = sourcecode.swift; path = ClothListManager.swift; sourceTree = "<group>"; };
		2916A3512BA085EA00758747 /* ServerStatus.swift */ = {isa = PBXFileReference; lastKnownFileType = sourcecode.swift; path = ServerStatus.swift; sourceTree = "<group>"; };
		2916A3532BA0926C00758747 /* TokenModel.swift */ = {isa = PBXFileReference; lastKnownFileType = sourcecode.swift; path = TokenModel.swift; sourceTree = "<group>"; };
		2916A3552BA0928400758747 /* TokenManager.swift */ = {isa = PBXFileReference; lastKnownFileType = sourcecode.swift; path = TokenManager.swift; sourceTree = "<group>"; };
		2916A3572BA092A400758747 /* TokenAPI.swift */ = {isa = PBXFileReference; lastKnownFileType = sourcecode.swift; path = TokenAPI.swift; sourceTree = "<group>"; };
		2916A3592BA092D100758747 /* UserRequestDTO.swift */ = {isa = PBXFileReference; lastKnownFileType = sourcecode.swift; path = UserRequestDTO.swift; sourceTree = "<group>"; };
		291E6DB52BBFBF6D002BAAAC /* LocationModel.swift */ = {isa = PBXFileReference; lastKnownFileType = sourcecode.swift; path = LocationModel.swift; sourceTree = "<group>"; };
		291E6DB72BBFC022002BAAAC /* LocationManager.swift */ = {isa = PBXFileReference; lastKnownFileType = sourcecode.swift; path = LocationManager.swift; sourceTree = "<group>"; };
		2926A8742B9744B600C4BCA4 /* ClothListModel.swift */ = {isa = PBXFileReference; lastKnownFileType = sourcecode.swift; path = ClothListModel.swift; sourceTree = "<group>"; };
		292BE6B32B4D26BA00BF3EE9 /* JoinPickerView.swift */ = {isa = PBXFileReference; lastKnownFileType = sourcecode.swift; path = JoinPickerView.swift; sourceTree = "<group>"; };
		29308B7A2BB6C0A600342955 /* S3Configuration.swift */ = {isa = PBXFileReference; lastKnownFileType = sourcecode.swift; path = S3Configuration.swift; sourceTree = "<group>"; };
		2950A1D82BDD01B00046EF0E /* WeatherItemType.swift */ = {isa = PBXFileReference; lastKnownFileType = sourcecode.swift; path = WeatherItemType.swift; sourceTree = "<group>"; };
		29578EF42BDBC1F400A321FD /* UIScrollView.swift */ = {isa = PBXFileReference; lastKnownFileType = sourcecode.swift; path = UIScrollView.swift; sourceTree = "<group>"; };
		29589FC92B457839003578A3 /* ImageResultViewController.swift */ = {isa = PBXFileReference; lastKnownFileType = sourcecode.swift; path = ImageResultViewController.swift; sourceTree = "<group>"; };
		295FAD372B5796A3003BC20B /* ClothListViewController.swift */ = {isa = PBXFileReference; lastKnownFileType = sourcecode.swift; path = ClothListViewController.swift; sourceTree = "<group>"; };
		295FAD392B57985B003BC20B /* ListCoordinator.swift */ = {isa = PBXFileReference; lastKnownFileType = sourcecode.swift; path = ListCoordinator.swift; sourceTree = "<group>"; };
		295FAD3B2B5798FA003BC20B /* ListCollectionViewCell.swift */ = {isa = PBXFileReference; lastKnownFileType = sourcecode.swift; path = ListCollectionViewCell.swift; sourceTree = "<group>"; };
		295FF85C2B53DC32006DDD50 /* AppCoordinator.swift */ = {isa = PBXFileReference; lastKnownFileType = sourcecode.swift; path = AppCoordinator.swift; sourceTree = "<group>"; };
		295FF85E2B53DD34006DDD50 /* AuthCoordinator.swift */ = {isa = PBXFileReference; lastKnownFileType = sourcecode.swift; path = AuthCoordinator.swift; sourceTree = "<group>"; };
		295FF8602B53DD67006DDD50 /* TabBarCoordinator.swift */ = {isa = PBXFileReference; lastKnownFileType = sourcecode.swift; path = TabBarCoordinator.swift; sourceTree = "<group>"; };
		295FF8622B53DD88006DDD50 /* MainCoordinator.swift */ = {isa = PBXFileReference; lastKnownFileType = sourcecode.swift; path = MainCoordinator.swift; sourceTree = "<group>"; };
		295FF8642B53DDA2006DDD50 /* SettingCoordinator.swift */ = {isa = PBXFileReference; lastKnownFileType = sourcecode.swift; path = SettingCoordinator.swift; sourceTree = "<group>"; };
		296353E32B8DECDE00AB8A2B /* PersonalClosetButton.swift */ = {isa = PBXFileReference; lastKnownFileType = sourcecode.swift; path = PersonalClosetButton.swift; sourceTree = "<group>"; };
		296492052BB5198D00FD990C /* ModifyRequestDTO.swift */ = {isa = PBXFileReference; lastKnownFileType = sourcecode.swift; path = ModifyRequestDTO.swift; sourceTree = "<group>"; };
		297F6CD72B5F9EE4009A1652 /* S3Upload.swift */ = {isa = PBXFileReference; lastKnownFileType = sourcecode.swift; path = S3Upload.swift; sourceTree = "<group>"; };
		298202392B43C2F100B7DEB3 /* TopView.swift */ = {isa = PBXFileReference; lastKnownFileType = sourcecode.swift; path = TopView.swift; sourceTree = "<group>"; };
		2982023B2B43C72600B7DEB3 /* BaseViewController.swift */ = {isa = PBXFileReference; lastKnownFileType = sourcecode.swift; path = BaseViewController.swift; sourceTree = "<group>"; };
		298202622B43F1AB00B7DEB3 /* SettingTableViewCell.swift */ = {isa = PBXFileReference; lastKnownFileType = sourcecode.swift; path = SettingTableViewCell.swift; sourceTree = "<group>"; };
		298202642B43F21000B7DEB3 /* Extension.swift */ = {isa = PBXFileReference; lastKnownFileType = sourcecode.swift; path = Extension.swift; sourceTree = "<group>"; };
		298202662B44269300B7DEB3 /* ImageInputButton.swift */ = {isa = PBXFileReference; lastKnownFileType = sourcecode.swift; path = ImageInputButton.swift; sourceTree = "<group>"; };
		298202682B4452D800B7DEB3 /* LoginViewController.swift */ = {isa = PBXFileReference; lastKnownFileType = sourcecode.swift; path = LoginViewController.swift; sourceTree = "<group>"; };
		2982026A2B4452DF00B7DEB3 /* JoinViewController.swift */ = {isa = PBXFileReference; lastKnownFileType = sourcecode.swift; path = JoinViewController.swift; sourceTree = "<group>"; };
		299CCE5A2B4679EA0054505E /* KeyboardHide+.swift */ = {isa = PBXFileReference; lastKnownFileType = sourcecode.swift; path = "KeyboardHide+.swift"; sourceTree = "<group>"; };
		299FA59B2BB2F0BE00F73259 /* TabBarItemType.swift */ = {isa = PBXFileReference; lastKnownFileType = sourcecode.swift; path = TabBarItemType.swift; sourceTree = "<group>"; };
		29A9C0922B3FE62900209641 /* PersonalCloset.app */ = {isa = PBXFileReference; explicitFileType = wrapper.application; includeInIndex = 0; path = PersonalCloset.app; sourceTree = BUILT_PRODUCTS_DIR; };
		29A9C0952B3FE62900209641 /* AppDelegate.swift */ = {isa = PBXFileReference; lastKnownFileType = sourcecode.swift; path = AppDelegate.swift; sourceTree = "<group>"; };
		29A9C0972B3FE62900209641 /* SceneDelegate.swift */ = {isa = PBXFileReference; lastKnownFileType = sourcecode.swift; path = SceneDelegate.swift; sourceTree = "<group>"; };
		29A9C09E2B3FE62A00209641 /* Assets.xcassets */ = {isa = PBXFileReference; lastKnownFileType = folder.assetcatalog; path = Assets.xcassets; sourceTree = "<group>"; };
		29A9C0A12B3FE62A00209641 /* Base */ = {isa = PBXFileReference; lastKnownFileType = file.storyboard; name = Base; path = Base.lproj/LaunchScreen.storyboard; sourceTree = "<group>"; };
		29A9C0A32B3FE62A00209641 /* Info.plist */ = {isa = PBXFileReference; lastKnownFileType = text.plist.xml; path = Info.plist; sourceTree = "<group>"; };
		29A9C0AE2B3FE7A700209641 /* UIColor+.swift */ = {isa = PBXFileReference; lastKnownFileType = sourcecode.swift; path = "UIColor+.swift"; sourceTree = "<group>"; };
		29A9C0B02B3FE92D00209641 /* MainViewController.swift */ = {isa = PBXFileReference; lastKnownFileType = sourcecode.swift; path = MainViewController.swift; sourceTree = "<group>"; };
		29A9C0B22B3FE93C00209641 /* SettingViewController.swift */ = {isa = PBXFileReference; lastKnownFileType = sourcecode.swift; path = SettingViewController.swift; sourceTree = "<group>"; };
		29A9C0B42B3FE96600209641 /* RegisterImageViewController.swift */ = {isa = PBXFileReference; lastKnownFileType = sourcecode.swift; path = RegisterImageViewController.swift; sourceTree = "<group>"; };
		29C70C0C2BC6597D00286BE6 /* WeatherAPI.swift */ = {isa = PBXFileReference; lastKnownFileType = sourcecode.swift; path = WeatherAPI.swift; sourceTree = "<group>"; };
		29C70C0E2BC65E7400286BE6 /* WeatherModel.swift */ = {isa = PBXFileReference; lastKnownFileType = sourcecode.swift; path = WeatherModel.swift; sourceTree = "<group>"; };
		29C70C102BC65EB700286BE6 /* WeatherManager.swift */ = {isa = PBXFileReference; lastKnownFileType = sourcecode.swift; path = WeatherManager.swift; sourceTree = "<group>"; };
		29C70C122BC6615E00286BE6 /* FitnessTestRequestDTO.swift */ = {isa = PBXFileReference; lastKnownFileType = sourcecode.swift; path = FitnessTestRequestDTO.swift; sourceTree = "<group>"; };
		29C70C142BC661AF00286BE6 /* FitnessTestAPI.swift */ = {isa = PBXFileReference; lastKnownFileType = sourcecode.swift; path = FitnessTestAPI.swift; sourceTree = "<group>"; };
		29DA5F602B4542A500F45CC6 /* InputView.swift */ = {isa = PBXFileReference; lastKnownFileType = sourcecode.swift; path = InputView.swift; sourceTree = "<group>"; };
		29DA5F622B45600600F45CC6 /* JoinInputView.swift */ = {isa = PBXFileReference; lastKnownFileType = sourcecode.swift; path = JoinInputView.swift; sourceTree = "<group>"; };
		29DBBA5F2B90B86D00A36C27 /* ListContentView.swift */ = {isa = PBXFileReference; lastKnownFileType = sourcecode.swift; path = ListContentView.swift; sourceTree = "<group>"; };
		29DBBA612B90B88000A36C27 /* ListContentConfiguration.swift */ = {isa = PBXFileReference; lastKnownFileType = sourcecode.swift; path = ListContentConfiguration.swift; sourceTree = "<group>"; };
/* End PBXFileReference section */

/* Begin PBXFrameworksBuildPhase section */
		29A9C08F2B3FE62900209641 /* Frameworks */ = {
			isa = PBXFrameworksBuildPhase;
			buildActionMask = 2147483647;
			files = (
				29FF68412BB1143800509A00 /* AWSS3 in Frameworks */,
				29FF68432BB1143800509A00 /* AWSUserPoolsSignIn in Frameworks */,
				29FF68372BB1143800509A00 /* AWSAPIGateway in Frameworks */,
				29FF683B2BB1143800509A00 /* AWSCognitoIdentityProvider in Frameworks */,
				29FF68392BB1143800509A00 /* AWSAuthCore in Frameworks */,
				29FF683F2BB1143800509A00 /* AWSCore in Frameworks */,
				29FF683D2BB1143800509A00 /* AWSCognitoIdentityProviderASF in Frameworks */,
				29A9C0AD2B3FE73C00209641 /* SnapKit in Frameworks */,
			);
			runOnlyForDeploymentPostprocessing = 0;
		};
/* End PBXFrameworksBuildPhase section */

/* Begin PBXGroup section */
		290BAADB2B4AE15200C800A1 /* Coordinator */ = {
			isa = PBXGroup;
			children = (
				295FF85C2B53DC32006DDD50 /* AppCoordinator.swift */,
				295FF85E2B53DD34006DDD50 /* AuthCoordinator.swift */,
				295FF8622B53DD88006DDD50 /* MainCoordinator.swift */,
				295FF8642B53DDA2006DDD50 /* SettingCoordinator.swift */,
				295FAD392B57985B003BC20B /* ListCoordinator.swift */,
				295FF8602B53DD67006DDD50 /* TabBarCoordinator.swift */,
				299FA59B2BB2F0BE00F73259 /* TabBarItemType.swift */,
			);
			path = Coordinator;
			sourceTree = "<group>";
		};
		290DEEBF2BAB05ED002CB29C /* APIService */ = {
			isa = PBXGroup;
			children = (
				2996B61A2BBA736800591E64 /* DTO */,
				2916A34B2BA06C4300758747 /* ClothesAPI.swift */,
				29C70C142BC661AF00286BE6 /* FitnessTestAPI.swift */,
				29C70C0C2BC6597D00286BE6 /* WeatherAPI.swift */,
				2916A3572BA092A400758747 /* TokenAPI.swift */,
			);
			path = APIService;
			sourceTree = "<group>";
		};
		296353D22B8DE89500AB8A2B /* Auth */ = {
			isa = PBXGroup;
			children = (
				296353E12B8DE9BD00AB8A2B /* Views */,
				296353D92B8DE92E00AB8A2B /* VCs */,
			);
			path = Auth;
			sourceTree = "<group>";
		};
		296353D32B8DE89B00AB8A2B /* Main */ = {
			isa = PBXGroup;
			children = (
				296353E22B8DE9E000AB8A2B /* Views */,
				296353D82B8DE92900AB8A2B /* VCs */,
			);
			path = Main;
			sourceTree = "<group>";
		};
		296353D42B8DE8BA00AB8A2B /* Setting */ = {
			isa = PBXGroup;
			children = (
				296353E02B8DE9A500AB8A2B /* Views */,
				296353D72B8DE92600AB8A2B /* VCs */,
			);
			path = Setting;
			sourceTree = "<group>";
		};
		296353D52B8DE8C000AB8A2B /* ClothList */ = {
			isa = PBXGroup;
			children = (
				296353DF2B8DE99700AB8A2B /* Views */,
				296353D62B8DE91F00AB8A2B /* VCs */,
			);
			path = ClothList;
			sourceTree = "<group>";
		};
		296353D62B8DE91F00AB8A2B /* VCs */ = {
			isa = PBXGroup;
			children = (
				295FAD372B5796A3003BC20B /* ClothListViewController.swift */,
			);
			path = VCs;
			sourceTree = "<group>";
		};
		296353D72B8DE92600AB8A2B /* VCs */ = {
			isa = PBXGroup;
			children = (
				29A9C0B22B3FE93C00209641 /* SettingViewController.swift */,
			);
			path = VCs;
			sourceTree = "<group>";
		};
		296353D82B8DE92900AB8A2B /* VCs */ = {
			isa = PBXGroup;
			children = (
				29A9C0B02B3FE92D00209641 /* MainViewController.swift */,
				29A9C0B42B3FE96600209641 /* RegisterImageViewController.swift */,
				29589FC92B457839003578A3 /* ImageResultViewController.swift */,
			);
			path = VCs;
			sourceTree = "<group>";
		};
		296353D92B8DE92E00AB8A2B /* VCs */ = {
			isa = PBXGroup;
			children = (
				298202682B4452D800B7DEB3 /* LoginViewController.swift */,
				2982026A2B4452DF00B7DEB3 /* JoinViewController.swift */,
			);
			path = VCs;
			sourceTree = "<group>";
		};
		296353DC2B8DE95E00AB8A2B /* Global */ = {
			isa = PBXGroup;
			children = (
				296353DE2B8DE98200AB8A2B /* Views */,
				296353DD2B8DE97900AB8A2B /* VCs */,
			);
			path = Global;
			sourceTree = "<group>";
		};
		296353DD2B8DE97900AB8A2B /* VCs */ = {
			isa = PBXGroup;
			children = (
				2982023B2B43C72600B7DEB3 /* BaseViewController.swift */,
			);
			path = VCs;
			sourceTree = "<group>";
		};
		296353DE2B8DE98200AB8A2B /* Views */ = {
			isa = PBXGroup;
			children = (
				298202392B43C2F100B7DEB3 /* TopView.swift */,
				296353E32B8DECDE00AB8A2B /* PersonalClosetButton.swift */,
				2950A1D82BDD01B00046EF0E /* WeatherItemType.swift */,
			);
			path = Views;
			sourceTree = "<group>";
		};
		296353DF2B8DE99700AB8A2B /* Views */ = {
			isa = PBXGroup;
			children = (
				295FAD3B2B5798FA003BC20B /* ListCollectionViewCell.swift */,
				29DBBA5F2B90B86D00A36C27 /* ListContentView.swift */,
				29DBBA612B90B88000A36C27 /* ListContentConfiguration.swift */,
			);
			path = Views;
			sourceTree = "<group>";
		};
		296353E02B8DE9A500AB8A2B /* Views */ = {
			isa = PBXGroup;
			children = (
				298202622B43F1AB00B7DEB3 /* SettingTableViewCell.swift */,
			);
			path = Views;
			sourceTree = "<group>";
		};
		296353E12B8DE9BD00AB8A2B /* Views */ = {
			isa = PBXGroup;
			children = (
				29DA5F622B45600600F45CC6 /* JoinInputView.swift */,
				292BE6B32B4D26BA00BF3EE9 /* JoinPickerView.swift */,
				29DA5F602B4542A500F45CC6 /* InputView.swift */,
			);
			path = Views;
			sourceTree = "<group>";
		};
		296353E22B8DE9E000AB8A2B /* Views */ = {
			isa = PBXGroup;
			children = (
				298202662B44269300B7DEB3 /* ImageInputButton.swift */,
			);
			path = Views;
			sourceTree = "<group>";
		};
		298202352B43B2F300B7DEB3 /* Model */ = {
			isa = PBXGroup;
			children = (
				297F6CD72B5F9EE4009A1652 /* S3Upload.swift */,
				29308B7A2BB6C0A600342955 /* S3Configuration.swift */,
				2926A8742B9744B600C4BCA4 /* ClothListModel.swift */,
				2916A34F2BA0859000758747 /* ClothListManager.swift */,
				2916A3532BA0926C00758747 /* TokenModel.swift */,
				2916A3552BA0928400758747 /* TokenManager.swift */,
				291E6DB52BBFBF6D002BAAAC /* LocationModel.swift */,
				291E6DB72BBFC022002BAAAC /* LocationManager.swift */,
				29C70C0E2BC65E7400286BE6 /* WeatherModel.swift */,
				29C70C102BC65EB700286BE6 /* WeatherManager.swift */,
			);
			path = Model;
			sourceTree = "<group>";
		};
		298202372B43B31500B7DEB3 /* Extension */ = {
			isa = PBXGroup;
			children = (
				29A9C0AE2B3FE7A700209641 /* UIColor+.swift */,
				298202642B43F21000B7DEB3 /* Extension.swift */,
				299CCE5A2B4679EA0054505E /* KeyboardHide+.swift */,
				29578EF42BDBC1F400A321FD /* UIScrollView.swift */,
			);
			path = Extension;
			sourceTree = "<group>";
		};
		2996B61A2BBA736800591E64 /* DTO */ = {
			isa = PBXGroup;
			children = (
				2916A3512BA085EA00758747 /* ServerStatus.swift */,
				2916A34D2BA06DB700758747 /* ClothRequestDTO.swift */,
				2916A3592BA092D100758747 /* UserRequestDTO.swift */,
				296492052BB5198D00FD990C /* ModifyRequestDTO.swift */,
				29C70C122BC6615E00286BE6 /* FitnessTestRequestDTO.swift */,
			);
			path = DTO;
			sourceTree = "<group>";
		};
		29A9C0892B3FE62900209641 = {
			isa = PBXGroup;
			children = (
				29A9C0942B3FE62900209641 /* PersonalCloset */,
				29A9C0932B3FE62900209641 /* Products */,
			);
			sourceTree = "<group>";
		};
		29A9C0932B3FE62900209641 /* Products */ = {
			isa = PBXGroup;
			children = (
				29A9C0922B3FE62900209641 /* PersonalCloset.app */,
			);
			name = Products;
			sourceTree = "<group>";
		};
		29A9C0942B3FE62900209641 /* PersonalCloset */ = {
			isa = PBXGroup;
			children = (
				290BAADB2B4AE15200C800A1 /* Coordinator */,
				296353DC2B8DE95E00AB8A2B /* Global */,
				296353D52B8DE8C000AB8A2B /* ClothList */,
				296353D42B8DE8BA00AB8A2B /* Setting */,
				296353D32B8DE89B00AB8A2B /* Main */,
				296353D22B8DE89500AB8A2B /* Auth */,
				298202372B43B31500B7DEB3 /* Extension */,
				290DEEBF2BAB05ED002CB29C /* APIService */,
				298202352B43B2F300B7DEB3 /* Model */,
				29A9C0952B3FE62900209641 /* AppDelegate.swift */,
				29A9C0972B3FE62900209641 /* SceneDelegate.swift */,
				29A9C0A32B3FE62A00209641 /* Info.plist */,
				29A9C09E2B3FE62A00209641 /* Assets.xcassets */,
				29A9C0A02B3FE62A00209641 /* LaunchScreen.storyboard */,
			);
			path = PersonalCloset;
			sourceTree = "<group>";
		};
/* End PBXGroup section */

/* Begin PBXNativeTarget section */
		29A9C0912B3FE62900209641 /* PersonalCloset */ = {
			isa = PBXNativeTarget;
			buildConfigurationList = 29A9C0A62B3FE62A00209641 /* Build configuration list for PBXNativeTarget "PersonalCloset" */;
			buildPhases = (
				29A9C08E2B3FE62900209641 /* Sources */,
				29A9C08F2B3FE62900209641 /* Frameworks */,
				29A9C0902B3FE62900209641 /* Resources */,
			);
			buildRules = (
			);
			dependencies = (
			);
			name = PersonalCloset;
			packageProductDependencies = (
				29A9C0AC2B3FE73C00209641 /* SnapKit */,
				29FF68362BB1143800509A00 /* AWSAPIGateway */,
				29FF68382BB1143800509A00 /* AWSAuthCore */,
				29FF683A2BB1143800509A00 /* AWSCognitoIdentityProvider */,
				29FF683C2BB1143800509A00 /* AWSCognitoIdentityProviderASF */,
				29FF683E2BB1143800509A00 /* AWSCore */,
				29FF68402BB1143800509A00 /* AWSS3 */,
				29FF68422BB1143800509A00 /* AWSUserPoolsSignIn */,
			);
			productName = PersonalCloset;
			productReference = 29A9C0922B3FE62900209641 /* PersonalCloset.app */;
			productType = "com.apple.product-type.application";
		};
/* End PBXNativeTarget section */

/* Begin PBXProject section */
		29A9C08A2B3FE62900209641 /* Project object */ = {
			isa = PBXProject;
			attributes = {
				BuildIndependentTargetsInParallel = 1;
				LastSwiftUpdateCheck = 1500;
				LastUpgradeCheck = 1500;
				TargetAttributes = {
					29A9C0912B3FE62900209641 = {
						CreatedOnToolsVersion = 15.0.1;
					};
				};
			};
			buildConfigurationList = 29A9C08D2B3FE62900209641 /* Build configuration list for PBXProject "PersonalCloset" */;
			compatibilityVersion = "Xcode 14.0";
			developmentRegion = en;
			hasScannedForEncodings = 0;
			knownRegions = (
				en,
				Base,
			);
			mainGroup = 29A9C0892B3FE62900209641;
			packageReferences = (
				29A9C0AB2B3FE73C00209641 /* XCRemoteSwiftPackageReference "SnapKit" */,
				29FF68352BB1143800509A00 /* XCRemoteSwiftPackageReference "aws-sdk-ios-spm" */,
			);
			productRefGroup = 29A9C0932B3FE62900209641 /* Products */;
			projectDirPath = "";
			projectRoot = "";
			targets = (
				29A9C0912B3FE62900209641 /* PersonalCloset */,
			);
		};
/* End PBXProject section */

/* Begin PBXResourcesBuildPhase section */
		29A9C0902B3FE62900209641 /* Resources */ = {
			isa = PBXResourcesBuildPhase;
			buildActionMask = 2147483647;
			files = (
				29A9C0A22B3FE62A00209641 /* LaunchScreen.storyboard in Resources */,
				29A9C09F2B3FE62A00209641 /* Assets.xcassets in Resources */,
			);
			runOnlyForDeploymentPostprocessing = 0;
		};
/* End PBXResourcesBuildPhase section */

/* Begin PBXSourcesBuildPhase section */
		29A9C08E2B3FE62900209641 /* Sources */ = {
			isa = PBXSourcesBuildPhase;
			buildActionMask = 2147483647;
			files = (
				298202672B44269300B7DEB3 /* ImageInputButton.swift in Sources */,
				2950A1D92BDD01B00046EF0E /* WeatherItemType.swift in Sources */,
				295FF8632B53DD88006DDD50 /* MainCoordinator.swift in Sources */,
				29A9C0AF2B3FE7A700209641 /* UIColor+.swift in Sources */,
				29DBBA602B90B86D00A36C27 /* ListContentView.swift in Sources */,
				29C70C112BC65EB700286BE6 /* WeatherManager.swift in Sources */,
				29A9C0B52B3FE96600209641 /* RegisterImageViewController.swift in Sources */,
				299FA59C2BB2F0BE00F73259 /* TabBarItemType.swift in Sources */,
				2916A34C2BA06C4300758747 /* ClothesAPI.swift in Sources */,
				295FF8612B53DD67006DDD50 /* TabBarCoordinator.swift in Sources */,
				295FAD382B5796A3003BC20B /* ClothListViewController.swift in Sources */,
				29A9C0B12B3FE92D00209641 /* MainViewController.swift in Sources */,
				298202652B43F21000B7DEB3 /* Extension.swift in Sources */,
				295FF85F2B53DD34006DDD50 /* AuthCoordinator.swift in Sources */,
				295FF85D2B53DC32006DDD50 /* AppCoordinator.swift in Sources */,
				2982026B2B4452DF00B7DEB3 /* JoinViewController.swift in Sources */,
				2916A3502BA0859000758747 /* ClothListManager.swift in Sources */,
				297F6CD82B5F9EE4009A1652 /* S3Upload.swift in Sources */,
				29C70C152BC661AF00286BE6 /* FitnessTestAPI.swift in Sources */,
				29DBBA622B90B88000A36C27 /* ListContentConfiguration.swift in Sources */,
				2916A3562BA0928400758747 /* TokenManager.swift in Sources */,
				2916A3582BA092A400758747 /* TokenAPI.swift in Sources */,
				295FF8652B53DDA2006DDD50 /* SettingCoordinator.swift in Sources */,
				29A9C0962B3FE62900209641 /* AppDelegate.swift in Sources */,
				2916A3522BA085EA00758747 /* ServerStatus.swift in Sources */,
				2982023C2B43C72600B7DEB3 /* BaseViewController.swift in Sources */,
				29589FCA2B457839003578A3 /* ImageResultViewController.swift in Sources */,
				29308B7B2BB6C0A600342955 /* S3Configuration.swift in Sources */,
				29DA5F632B45600600F45CC6 /* JoinInputView.swift in Sources */,
				2916A3542BA0926C00758747 /* TokenModel.swift in Sources */,
				29C70C0D2BC6597D00286BE6 /* WeatherAPI.swift in Sources */,
				298202632B43F1AB00B7DEB3 /* SettingTableViewCell.swift in Sources */,
				292BE6B42B4D26BA00BF3EE9 /* JoinPickerView.swift in Sources */,
				2916A34E2BA06DB700758747 /* ClothRequestDTO.swift in Sources */,
				295FAD3A2B57985B003BC20B /* ListCoordinator.swift in Sources */,
				29A9C0B32B3FE93C00209641 /* SettingViewController.swift in Sources */,
				29578EF52BDBC1F400A321FD /* UIScrollView.swift in Sources */,
				29C70C132BC6615E00286BE6 /* FitnessTestRequestDTO.swift in Sources */,
				295FAD3C2B5798FA003BC20B /* ListCollectionViewCell.swift in Sources */,
				291E6DB62BBFBF6D002BAAAC /* LocationModel.swift in Sources */,
				2926A8752B9744B600C4BCA4 /* ClothListModel.swift in Sources */,
				2982023A2B43C2F100B7DEB3 /* TopView.swift in Sources */,
				291E6DB82BBFC022002BAAAC /* LocationManager.swift in Sources */,
				299CCE5B2B4679EA0054505E /* KeyboardHide+.swift in Sources */,
				29DA5F612B4542A500F45CC6 /* InputView.swift in Sources */,
				298202692B4452D800B7DEB3 /* LoginViewController.swift in Sources */,
				29A9C0982B3FE62900209641 /* SceneDelegate.swift in Sources */,
				29C70C0F2BC65E7400286BE6 /* WeatherModel.swift in Sources */,
				2916A35A2BA092D100758747 /* UserRequestDTO.swift in Sources */,
				296353E42B8DECDE00AB8A2B /* PersonalClosetButton.swift in Sources */,
				296492062BB5198D00FD990C /* ModifyRequestDTO.swift in Sources */,
			);
			runOnlyForDeploymentPostprocessing = 0;
		};
/* End PBXSourcesBuildPhase section */

/* Begin PBXVariantGroup section */
		29A9C0A02B3FE62A00209641 /* LaunchScreen.storyboard */ = {
			isa = PBXVariantGroup;
			children = (
				29A9C0A12B3FE62A00209641 /* Base */,
			);
			name = LaunchScreen.storyboard;
			sourceTree = "<group>";
		};
/* End PBXVariantGroup section */

/* Begin XCBuildConfiguration section */
		29A9C0A42B3FE62A00209641 /* Debug */ = {
			isa = XCBuildConfiguration;
			buildSettings = {
				ALWAYS_SEARCH_USER_PATHS = NO;
				ASSETCATALOG_COMPILER_GENERATE_SWIFT_ASSET_SYMBOL_EXTENSIONS = YES;
				CLANG_ANALYZER_NONNULL = YES;
				CLANG_ANALYZER_NUMBER_OBJECT_CONVERSION = YES_AGGRESSIVE;
				CLANG_CXX_LANGUAGE_STANDARD = "gnu++20";
				CLANG_ENABLE_MODULES = YES;
				CLANG_ENABLE_OBJC_ARC = YES;
				CLANG_ENABLE_OBJC_WEAK = YES;
				CLANG_WARN_BLOCK_CAPTURE_AUTORELEASING = YES;
				CLANG_WARN_BOOL_CONVERSION = YES;
				CLANG_WARN_COMMA = YES;
				CLANG_WARN_CONSTANT_CONVERSION = YES;
				CLANG_WARN_DEPRECATED_OBJC_IMPLEMENTATIONS = YES;
				CLANG_WARN_DIRECT_OBJC_ISA_USAGE = YES_ERROR;
				CLANG_WARN_DOCUMENTATION_COMMENTS = YES;
				CLANG_WARN_EMPTY_BODY = YES;
				CLANG_WARN_ENUM_CONVERSION = YES;
				CLANG_WARN_INFINITE_RECURSION = YES;
				CLANG_WARN_INT_CONVERSION = YES;
				CLANG_WARN_NON_LITERAL_NULL_CONVERSION = YES;
				CLANG_WARN_OBJC_IMPLICIT_RETAIN_SELF = YES;
				CLANG_WARN_OBJC_LITERAL_CONVERSION = YES;
				CLANG_WARN_OBJC_ROOT_CLASS = YES_ERROR;
				CLANG_WARN_QUOTED_INCLUDE_IN_FRAMEWORK_HEADER = YES;
				CLANG_WARN_RANGE_LOOP_ANALYSIS = YES;
				CLANG_WARN_STRICT_PROTOTYPES = YES;
				CLANG_WARN_SUSPICIOUS_MOVE = YES;
				CLANG_WARN_UNGUARDED_AVAILABILITY = YES_AGGRESSIVE;
				CLANG_WARN_UNREACHABLE_CODE = YES;
				CLANG_WARN__DUPLICATE_METHOD_MATCH = YES;
				COPY_PHASE_STRIP = NO;
				DEBUG_INFORMATION_FORMAT = dwarf;
				ENABLE_STRICT_OBJC_MSGSEND = YES;
				ENABLE_TESTABILITY = YES;
				ENABLE_USER_SCRIPT_SANDBOXING = NO;
				GCC_C_LANGUAGE_STANDARD = gnu17;
				GCC_DYNAMIC_NO_PIC = NO;
				GCC_NO_COMMON_BLOCKS = YES;
				GCC_OPTIMIZATION_LEVEL = 0;
				GCC_PREPROCESSOR_DEFINITIONS = (
					"DEBUG=1",
					"$(inherited)",
				);
				GCC_WARN_64_TO_32_BIT_CONVERSION = YES;
				GCC_WARN_ABOUT_RETURN_TYPE = YES_ERROR;
				GCC_WARN_UNDECLARED_SELECTOR = YES;
				GCC_WARN_UNINITIALIZED_AUTOS = YES_AGGRESSIVE;
				GCC_WARN_UNUSED_FUNCTION = YES;
				GCC_WARN_UNUSED_VARIABLE = YES;
				IPHONEOS_DEPLOYMENT_TARGET = 17.0;
				LOCALIZATION_PREFERS_STRING_CATALOGS = YES;
				MTL_ENABLE_DEBUG_INFO = INCLUDE_SOURCE;
				MTL_FAST_MATH = YES;
				ONLY_ACTIVE_ARCH = YES;
				SDKROOT = iphoneos;
				SWIFT_ACTIVE_COMPILATION_CONDITIONS = "DEBUG $(inherited)";
				SWIFT_OPTIMIZATION_LEVEL = "-Onone";
			};
			name = Debug;
		};
		29A9C0A52B3FE62A00209641 /* Release */ = {
			isa = XCBuildConfiguration;
			buildSettings = {
				ALWAYS_SEARCH_USER_PATHS = NO;
				ASSETCATALOG_COMPILER_GENERATE_SWIFT_ASSET_SYMBOL_EXTENSIONS = YES;
				CLANG_ANALYZER_NONNULL = YES;
				CLANG_ANALYZER_NUMBER_OBJECT_CONVERSION = YES_AGGRESSIVE;
				CLANG_CXX_LANGUAGE_STANDARD = "gnu++20";
				CLANG_ENABLE_MODULES = YES;
				CLANG_ENABLE_OBJC_ARC = YES;
				CLANG_ENABLE_OBJC_WEAK = YES;
				CLANG_WARN_BLOCK_CAPTURE_AUTORELEASING = YES;
				CLANG_WARN_BOOL_CONVERSION = YES;
				CLANG_WARN_COMMA = YES;
				CLANG_WARN_CONSTANT_CONVERSION = YES;
				CLANG_WARN_DEPRECATED_OBJC_IMPLEMENTATIONS = YES;
				CLANG_WARN_DIRECT_OBJC_ISA_USAGE = YES_ERROR;
				CLANG_WARN_DOCUMENTATION_COMMENTS = YES;
				CLANG_WARN_EMPTY_BODY = YES;
				CLANG_WARN_ENUM_CONVERSION = YES;
				CLANG_WARN_INFINITE_RECURSION = YES;
				CLANG_WARN_INT_CONVERSION = YES;
				CLANG_WARN_NON_LITERAL_NULL_CONVERSION = YES;
				CLANG_WARN_OBJC_IMPLICIT_RETAIN_SELF = YES;
				CLANG_WARN_OBJC_LITERAL_CONVERSION = YES;
				CLANG_WARN_OBJC_ROOT_CLASS = YES_ERROR;
				CLANG_WARN_QUOTED_INCLUDE_IN_FRAMEWORK_HEADER = YES;
				CLANG_WARN_RANGE_LOOP_ANALYSIS = YES;
				CLANG_WARN_STRICT_PROTOTYPES = YES;
				CLANG_WARN_SUSPICIOUS_MOVE = YES;
				CLANG_WARN_UNGUARDED_AVAILABILITY = YES_AGGRESSIVE;
				CLANG_WARN_UNREACHABLE_CODE = YES;
				CLANG_WARN__DUPLICATE_METHOD_MATCH = YES;
				COPY_PHASE_STRIP = NO;
				DEBUG_INFORMATION_FORMAT = "dwarf-with-dsym";
				ENABLE_NS_ASSERTIONS = NO;
				ENABLE_STRICT_OBJC_MSGSEND = YES;
				ENABLE_USER_SCRIPT_SANDBOXING = NO;
				GCC_C_LANGUAGE_STANDARD = gnu17;
				GCC_NO_COMMON_BLOCKS = YES;
				GCC_WARN_64_TO_32_BIT_CONVERSION = YES;
				GCC_WARN_ABOUT_RETURN_TYPE = YES_ERROR;
				GCC_WARN_UNDECLARED_SELECTOR = YES;
				GCC_WARN_UNINITIALIZED_AUTOS = YES_AGGRESSIVE;
				GCC_WARN_UNUSED_FUNCTION = YES;
				GCC_WARN_UNUSED_VARIABLE = YES;
				IPHONEOS_DEPLOYMENT_TARGET = 17.0;
				LOCALIZATION_PREFERS_STRING_CATALOGS = YES;
				MTL_ENABLE_DEBUG_INFO = NO;
				MTL_FAST_MATH = YES;
				SDKROOT = iphoneos;
				SWIFT_COMPILATION_MODE = wholemodule;
				VALIDATE_PRODUCT = YES;
			};
			name = Release;
		};
		29A9C0A72B3FE62A00209641 /* Debug */ = {
			isa = XCBuildConfiguration;
			buildSettings = {
				ASSETCATALOG_COMPILER_APPICON_NAME = AppIcon;
				ASSETCATALOG_COMPILER_GLOBAL_ACCENT_COLOR_NAME = AccentColor;
				CODE_SIGN_STYLE = Automatic;
				CURRENT_PROJECT_VERSION = 1;
				DEVELOPMENT_TEAM = F7GYZYWC6V;
				GENERATE_INFOPLIST_FILE = YES;
				INFOPLIST_FILE = PersonalCloset/Info.plist;
				INFOPLIST_KEY_UIApplicationSupportsIndirectInputEvents = YES;
				INFOPLIST_KEY_UILaunchStoryboardName = LaunchScreen;
				INFOPLIST_KEY_UISupportedInterfaceOrientations_iPad = "UIInterfaceOrientationPortrait UIInterfaceOrientationPortraitUpsideDown UIInterfaceOrientationLandscapeLeft UIInterfaceOrientationLandscapeRight";
				INFOPLIST_KEY_UISupportedInterfaceOrientations_iPhone = "UIInterfaceOrientationPortrait UIInterfaceOrientationLandscapeLeft UIInterfaceOrientationLandscapeRight";
				LD_RUNPATH_SEARCH_PATHS = (
					"$(inherited)",
					"@executable_path/Frameworks",
				);
				MARKETING_VERSION = 1.0;
				PRODUCT_BUNDLE_IDENTIFIER = com.bwcompany.PersonalCloset;
				PRODUCT_NAME = "$(TARGET_NAME)";
				SWIFT_EMIT_LOC_STRINGS = YES;
				SWIFT_VERSION = 5.0;
				TARGETED_DEVICE_FAMILY = "1,2";
			};
			name = Debug;
		};
		29A9C0A82B3FE62A00209641 /* Release */ = {
			isa = XCBuildConfiguration;
			buildSettings = {
				ASSETCATALOG_COMPILER_APPICON_NAME = AppIcon;
				ASSETCATALOG_COMPILER_GLOBAL_ACCENT_COLOR_NAME = AccentColor;
				CODE_SIGN_STYLE = Automatic;
				CURRENT_PROJECT_VERSION = 1;
				DEVELOPMENT_TEAM = F7GYZYWC6V;
				GENERATE_INFOPLIST_FILE = YES;
				INFOPLIST_FILE = PersonalCloset/Info.plist;
				INFOPLIST_KEY_UIApplicationSupportsIndirectInputEvents = YES;
				INFOPLIST_KEY_UILaunchStoryboardName = LaunchScreen;
				INFOPLIST_KEY_UISupportedInterfaceOrientations_iPad = "UIInterfaceOrientationPortrait UIInterfaceOrientationPortraitUpsideDown UIInterfaceOrientationLandscapeLeft UIInterfaceOrientationLandscapeRight";
				INFOPLIST_KEY_UISupportedInterfaceOrientations_iPhone = "UIInterfaceOrientationPortrait UIInterfaceOrientationLandscapeLeft UIInterfaceOrientationLandscapeRight";
				LD_RUNPATH_SEARCH_PATHS = (
					"$(inherited)",
					"@executable_path/Frameworks",
				);
				MARKETING_VERSION = 1.0;
				PRODUCT_BUNDLE_IDENTIFIER = com.bwcompany.PersonalCloset;
				PRODUCT_NAME = "$(TARGET_NAME)";
				SWIFT_EMIT_LOC_STRINGS = YES;
				SWIFT_VERSION = 5.0;
				TARGETED_DEVICE_FAMILY = "1,2";
			};
			name = Release;
		};
/* End XCBuildConfiguration section */

/* Begin XCConfigurationList section */
		29A9C08D2B3FE62900209641 /* Build configuration list for PBXProject "PersonalCloset" */ = {
			isa = XCConfigurationList;
			buildConfigurations = (
				29A9C0A42B3FE62A00209641 /* Debug */,
				29A9C0A52B3FE62A00209641 /* Release */,
			);
			defaultConfigurationIsVisible = 0;
			defaultConfigurationName = Release;
		};
		29A9C0A62B3FE62A00209641 /* Build configuration list for PBXNativeTarget "PersonalCloset" */ = {
			isa = XCConfigurationList;
			buildConfigurations = (
				29A9C0A72B3FE62A00209641 /* Debug */,
				29A9C0A82B3FE62A00209641 /* Release */,
			);
			defaultConfigurationIsVisible = 0;
			defaultConfigurationName = Release;
		};
/* End XCConfigurationList section */

/* Begin XCRemoteSwiftPackageReference section */
		29A9C0AB2B3FE73C00209641 /* XCRemoteSwiftPackageReference "SnapKit" */ = {
			isa = XCRemoteSwiftPackageReference;
			repositoryURL = "https://github.com/SnapKit/SnapKit.git";
			requirement = {
				kind = upToNextMajorVersion;
				minimumVersion = 5.6.0;
			};
		};
		29FF68352BB1143800509A00 /* XCRemoteSwiftPackageReference "aws-sdk-ios-spm" */ = {
			isa = XCRemoteSwiftPackageReference;
			repositoryURL = "https://github.com/aws-amplify/aws-sdk-ios-spm.git";
			requirement = {
				kind = upToNextMajorVersion;
				minimumVersion = 2.34.2;
			};
		};
/* End XCRemoteSwiftPackageReference section */

/* Begin XCSwiftPackageProductDependency section */
		29A9C0AC2B3FE73C00209641 /* SnapKit */ = {
			isa = XCSwiftPackageProductDependency;
			package = 29A9C0AB2B3FE73C00209641 /* XCRemoteSwiftPackageReference "SnapKit" */;
			productName = SnapKit;
		};
		29FF68362BB1143800509A00 /* AWSAPIGateway */ = {
			isa = XCSwiftPackageProductDependency;
			package = 29FF68352BB1143800509A00 /* XCRemoteSwiftPackageReference "aws-sdk-ios-spm" */;
			productName = AWSAPIGateway;
		};
		29FF68382BB1143800509A00 /* AWSAuthCore */ = {
			isa = XCSwiftPackageProductDependency;
			package = 29FF68352BB1143800509A00 /* XCRemoteSwiftPackageReference "aws-sdk-ios-spm" */;
			productName = AWSAuthCore;
		};
		29FF683A2BB1143800509A00 /* AWSCognitoIdentityProvider */ = {
			isa = XCSwiftPackageProductDependency;
			package = 29FF68352BB1143800509A00 /* XCRemoteSwiftPackageReference "aws-sdk-ios-spm" */;
			productName = AWSCognitoIdentityProvider;
		};
		29FF683C2BB1143800509A00 /* AWSCognitoIdentityProviderASF */ = {
			isa = XCSwiftPackageProductDependency;
			package = 29FF68352BB1143800509A00 /* XCRemoteSwiftPackageReference "aws-sdk-ios-spm" */;
			productName = AWSCognitoIdentityProviderASF;
		};
		29FF683E2BB1143800509A00 /* AWSCore */ = {
			isa = XCSwiftPackageProductDependency;
			package = 29FF68352BB1143800509A00 /* XCRemoteSwiftPackageReference "aws-sdk-ios-spm" */;
			productName = AWSCore;
		};
		29FF68402BB1143800509A00 /* AWSS3 */ = {
			isa = XCSwiftPackageProductDependency;
			package = 29FF68352BB1143800509A00 /* XCRemoteSwiftPackageReference "aws-sdk-ios-spm" */;
			productName = AWSS3;
		};
		29FF68422BB1143800509A00 /* AWSUserPoolsSignIn */ = {
			isa = XCSwiftPackageProductDependency;
			package = 29FF68352BB1143800509A00 /* XCRemoteSwiftPackageReference "aws-sdk-ios-spm" */;
			productName = AWSUserPoolsSignIn;
		};
/* End XCSwiftPackageProductDependency section */
	};
	rootObject = 29A9C08A2B3FE62900209641 /* Project object */;
}
